
Microsoft Visual Studio Solution File, Format Version 12.00
# Visual Studio Version 16
VisualStudioVersion = 16.0.30804.86
MinimumVisualStudioVersion = 10.0.40219.1
Project("{2150E333-8FDC-42A3-9474-1A3956D46DE8}") = "src", "src", "{DC065D9E-D8B3-4EF8-BF8B-C07A64C460A9}"
EndProject
Project("{2150E333-8FDC-42A3-9474-1A3956D46DE8}") = "tests", "tests", "{340A94AE-7738-48A2-AE78-58F5AD47859D}"
EndProject
Project("{FAE04EC0-301F-11D3-BF4B-00C04F79EFBC}") = "ReversePhoneLookup.Web", "src\ReversePhoneLookup.Web\ReversePhoneLookup.Web.csproj", "{B6D1EFEE-B03C-47C9-BF91-9B3DC98AEF4B}"
EndProject
Project("{FAE04EC0-301F-11D3-BF4B-00C04F79EFBC}") = "ReversePhoneLookup.Models", "src\ReversePhoneLookup.Models\ReversePhoneLookup.Models.csproj", "{29415F11-7B00-4C50-8FE0-B34F3411EC5E}"
EndProject
Project("{FAE04EC0-301F-11D3-BF4B-00C04F79EFBC}") = "ReversePhoneLookup.Abstract", "src\ReversePhoneLookup.Abstract\ReversePhoneLookup.Abstract.csproj", "{F4972535-2FAB-47FC-86F0-5D0362C8FFA3}"
EndProject
Project("{FAE04EC0-301F-11D3-BF4B-00C04F79EFBC}") = "ReversePhoneLookup.Api", "src\ReversePhoneLookup.Api\ReversePhoneLookup.Api.csproj", "{B5D880F7-BA8F-46D3-BDCD-84F27E35FBF2}"
EndProject
Project("{2150E333-8FDC-42A3-9474-1A3956D46DE8}") = "Solution Items", "Solution Items", "{8465B507-0AAA-4977-BF46-7C531BEA86A3}"
	ProjectSection(SolutionItems) = preProject
		database.sql = database.sql
	EndProjectSection
EndProject
Project("{FAE04EC0-301F-11D3-BF4B-00C04F79EFBC}") = "ReversePhoneLookup.Api.UnitTests", "tests\ReversePhoneLookup.Api.UnitTests\ReversePhoneLookup.Api.UnitTests.csproj", "{DCE3F824-3CB8-4394-B96A-48464D2CAFA3}"
EndProject
Project("{FAE04EC0-301F-11D3-BF4B-00C04F79EFBC}") = "ReversePhoneLookup.IntegrationTests", "tests\ReversePhoneLookup.IntegrationTests\ReversePhoneLookup.IntegrationTests.csproj", "{3296FD05-F472-4824-A890-B0696FCA3EE9}"
EndProject
Global
	GlobalSection(SolutionConfigurationPlatforms) = preSolution
		Debug|Any CPU = Debug|Any CPU
		Release|Any CPU = Release|Any CPU
	EndGlobalSection
	GlobalSection(ProjectConfigurationPlatforms) = postSolution
		{B6D1EFEE-B03C-47C9-BF91-9B3DC98AEF4B}.Debug|Any CPU.ActiveCfg = Debug|Any CPU
		{B6D1EFEE-B03C-47C9-BF91-9B3DC98AEF4B}.Debug|Any CPU.Build.0 = Debug|Any CPU
		{B6D1EFEE-B03C-47C9-BF91-9B3DC98AEF4B}.Release|Any CPU.ActiveCfg = Release|Any CPU
		{B6D1EFEE-B03C-47C9-BF91-9B3DC98AEF4B}.Release|Any CPU.Build.0 = Release|Any CPU
		{29415F11-7B00-4C50-8FE0-B34F3411EC5E}.Debug|Any CPU.ActiveCfg = Debug|Any CPU
		{29415F11-7B00-4C50-8FE0-B34F3411EC5E}.Debug|Any CPU.Build.0 = Debug|Any CPU
		{29415F11-7B00-4C50-8FE0-B34F3411EC5E}.Release|Any CPU.ActiveCfg = Release|Any CPU
		{29415F11-7B00-4C50-8FE0-B34F3411EC5E}.Release|Any CPU.Build.0 = Release|Any CPU
		{F4972535-2FAB-47FC-86F0-5D0362C8FFA3}.Debug|Any CPU.ActiveCfg = Debug|Any CPU
		{F4972535-2FAB-47FC-86F0-5D0362C8FFA3}.Debug|Any CPU.Build.0 = Debug|Any CPU
		{F4972535-2FAB-47FC-86F0-5D0362C8FFA3}.Release|Any CPU.ActiveCfg = Release|Any CPU
		{F4972535-2FAB-47FC-86F0-5D0362C8FFA3}.Release|Any CPU.Build.0 = Release|Any CPU
		{B5D880F7-BA8F-46D3-BDCD-84F27E35FBF2}.Debug|Any CPU.ActiveCfg = Debug|Any CPU
		{B5D880F7-BA8F-46D3-BDCD-84F27E35FBF2}.Debug|Any CPU.Build.0 = Debug|Any CPU
		{B5D880F7-BA8F-46D3-BDCD-84F27E35FBF2}.Release|Any CPU.ActiveCfg = Release|Any CPU
		{B5D880F7-BA8F-46D3-BDCD-84F27E35FBF2}.Release|Any CPU.Build.0 = Release|Any CPU
		{DCE3F824-3CB8-4394-B96A-48464D2CAFA3}.Debug|Any CPU.ActiveCfg = Debug|Any CPU
		{DCE3F824-3CB8-4394-B96A-48464D2CAFA3}.Debug|Any CPU.Build.0 = Debug|Any CPU
		{DCE3F824-3CB8-4394-B96A-48464D2CAFA3}.Release|Any CPU.ActiveCfg = Release|Any CPU
		{DCE3F824-3CB8-4394-B96A-48464D2CAFA3}.Release|Any CPU.Build.0 = Release|Any CPU
		{3296FD05-F472-4824-A890-B0696FCA3EE9}.Debug|Any CPU.ActiveCfg = Debug|Any CPU
		{3296FD05-F472-4824-A890-B0696FCA3EE9}.Debug|Any CPU.Build.0 = Debug|Any CPU
		{3296FD05-F472-4824-A890-B0696FCA3EE9}.Release|Any CPU.ActiveCfg = Release|Any CPU
		{3296FD05-F472-4824-A890-B0696FCA3EE9}.Release|Any CPU.Build.0 = Release|Any CPU
	EndGlobalSection
	GlobalSection(SolutionProperties) = preSolution
		HideSolutionNode = FALSE
	EndGlobalSection
	GlobalSection(NestedProjects) = preSolution
		{B6D1EFEE-B03C-47C9-BF91-9B3DC98AEF4B} = {DC065D9E-D8B3-4EF8-BF8B-C07A64C460A9}
		{29415F11-7B00-4C50-8FE0-B34F3411EC5E} = {DC065D9E-D8B3-4EF8-BF8B-C07A64C460A9}
		{F4972535-2FAB-47FC-86F0-5D0362C8FFA3} = {DC065D9E-D8B3-4EF8-BF8B-C07A64C460A9}
		{B5D880F7-BA8F-46D3-BDCD-84F27E35FBF2} = {DC065D9E-D8B3-4EF8-BF8B-C07A64C460A9}
		{DCE3F824-3CB8-4394-B96A-48464D2CAFA3} = {340A94AE-7738-48A2-AE78-58F5AD47859D}
		{3296FD05-F472-4824-A890-B0696FCA3EE9} = {340A94AE-7738-48A2-AE78-58F5AD47859D}
	EndGlobalSection
	GlobalSection(ExtensibilityGlobals) = postSolution
		SolutionGuid = {53FAADDF-4E83-4BED-BD28-3504DAFEA367}
	EndGlobalSection
EndGlobal
